
Microsoft Visual Studio Solution File, Format Version 12.00
Project("{FAE04EC0-301F-11D3-BF4B-00C04F79EFBC}") = "Pryanigram", "Pryanigram\Pryanigram.csproj", "{1C1FCD95-34A7-4C0F-A5A3-37ABED39DAF4}"
EndProject
Global
	GlobalSection(SolutionConfigurationPlatforms) = preSolution
		Debug|Any CPU = Debug|Any CPU
		Release|Any CPU = Release|Any CPU
		Preview|Any CPU = Preview|Any CPU
	EndGlobalSection
	GlobalSection(ProjectConfigurationPlatforms) = postSolution
		{1C1FCD95-34A7-4C0F-A5A3-37ABED39DAF4}.Debug|Any CPU.ActiveCfg = Debug|Any CPU
		{1C1FCD95-34A7-4C0F-A5A3-37ABED39DAF4}.Debug|Any CPU.Build.0 = Debug|Any CPU
		{1C1FCD95-34A7-4C0F-A5A3-37ABED39DAF4}.Release|Any CPU.ActiveCfg = Release|Any CPU
		{1C1FCD95-34A7-4C0F-A5A3-37ABED39DAF4}.Release|Any CPU.Build.0 = Release|Any CPU
		{1C1FCD95-34A7-4C0F-A5A3-37ABED39DAF4}.Preview|Any CPU.ActiveCfg = Preview|Any CPU
		{1C1FCD95-34A7-4C0F-A5A3-37ABED39DAF4}.Preview|Any CPU.Build.0 = Preview|Any CPU
	EndGlobalSection
EndGlobal
